// !$*UTF8*$!
{
	archiveVersion = 1;
	classes = {
	};
	objectVersion = 56;
	objects = {

/* Begin PBXBuildFile section */
		1D5289E528E7701000AFF51D /* TunerEnvironmentObjectApp.swift in Sources */ = {isa = PBXBuildFile; fileRef = 1D5289E428E7701000AFF51D /* TunerEnvironmentObjectApp.swift */; };
		1D5289E728E7701000AFF51D /* ContentView.swift in Sources */ = {isa = PBXBuildFile; fileRef = 1D5289E628E7701000AFF51D /* ContentView.swift */; };
		1D5289E928E7701100AFF51D /* Assets.xcassets in Resources */ = {isa = PBXBuildFile; fileRef = 1D5289E828E7701100AFF51D /* Assets.xcassets */; };
		1D5289EC28E7701100AFF51D /* Preview Assets.xcassets in Resources */ = {isa = PBXBuildFile; fileRef = 1D5289EB28E7701100AFF51D /* Preview Assets.xcassets */; };
		1D5289F428E7709300AFF51D /* AudioKit in Frameworks */ = {isa = PBXBuildFile; productRef = 1D5289F328E7709300AFF51D /* AudioKit */; };
		1D5289F728E770A300AFF51D /* AudioKitEX in Frameworks */ = {isa = PBXBuildFile; productRef = 1D5289F628E770A300AFF51D /* AudioKitEX */; };
		1D5289FA28E770BA00AFF51D /* SoundpipeAudioKit in Frameworks */ = {isa = PBXBuildFile; productRef = 1D5289F928E770BA00AFF51D /* SoundpipeAudioKit */; };
		1D5289FC28E770C700AFF51D /* Tuner.swift in Sources */ = {isa = PBXBuildFile; fileRef = 1D5289FB28E770C700AFF51D /* Tuner.swift */; };
		1D5289FF28E7751600AFF51D /* SceneDelegate.swift in Sources */ = {isa = PBXBuildFile; fileRef = 1D5289FE28E7751600AFF51D /* SceneDelegate.swift */; };
		1DEA53EA28F203A900FF758F /* Stopwatch.swift in Sources */ = {isa = PBXBuildFile; fileRef = 1DEA53E928F203A900FF758F /* Stopwatch.swift */; };
		1DEA53EE28F20C0200FF758F /* MockTunerConductor.swift in Sources */ = {isa = PBXBuildFile; fileRef = 1DEA53ED28F20C0200FF758F /* MockTunerConductor.swift */; };
/* End PBXBuildFile section */

/* Begin PBXFileReference section */
		1D5289E128E7701000AFF51D /* TunerEnvironmentObject.app */ = {isa = PBXFileReference; explicitFileType = wrapper.application; includeInIndex = 0; path = TunerEnvironmentObject.app; sourceTree = BUILT_PRODUCTS_DIR; };
		1D5289E428E7701000AFF51D /* TunerEnvironmentObjectApp.swift */ = {isa = PBXFileReference; lastKnownFileType = sourcecode.swift; path = TunerEnvironmentObjectApp.swift; sourceTree = "<group>"; };
		1D5289E628E7701000AFF51D /* ContentView.swift */ = {isa = PBXFileReference; lastKnownFileType = sourcecode.swift; path = ContentView.swift; sourceTree = "<group>"; };
		1D5289E828E7701100AFF51D /* Assets.xcassets */ = {isa = PBXFileReference; lastKnownFileType = folder.assetcatalog; path = Assets.xcassets; sourceTree = "<group>"; };
		1D5289EB28E7701100AFF51D /* Preview Assets.xcassets */ = {isa = PBXFileReference; lastKnownFileType = folder.assetcatalog; path = "Preview Assets.xcassets"; sourceTree = "<group>"; };
		1D5289FB28E770C700AFF51D /* Tuner.swift */ = {isa = PBXFileReference; fileEncoding = 4; lastKnownFileType = sourcecode.swift; path = Tuner.swift; sourceTree = "<group>"; };
		1D5289FD28E7735E00AFF51D /* Info.plist */ = {isa = PBXFileReference; lastKnownFileType = text.plist; path = Info.plist; sourceTree = "<group>"; };
		1D5289FE28E7751600AFF51D /* SceneDelegate.swift */ = {isa = PBXFileReference; fileEncoding = 4; lastKnownFileType = sourcecode.swift; path = SceneDelegate.swift; sourceTree = "<group>"; };
		1DEA53E928F203A900FF758F /* Stopwatch.swift */ = {isa = PBXFileReference; lastKnownFileType = sourcecode.swift; path = Stopwatch.swift; sourceTree = "<group>"; };
		1DEA53ED28F20C0200FF758F /* MockTunerConductor.swift */ = {isa = PBXFileReference; lastKnownFileType = sourcecode.swift; path = MockTunerConductor.swift; sourceTree = "<group>"; };
/* End PBXFileReference section */

/* Begin PBXFrameworksBuildPhase section */
		1D5289DE28E7701000AFF51D /* Frameworks */ = {
			isa = PBXFrameworksBuildPhase;
			buildActionMask = 2147483647;
			files = (
				1D5289F428E7709300AFF51D /* AudioKit in Frameworks */,
				1D5289F728E770A300AFF51D /* AudioKitEX in Frameworks */,
				1D5289FA28E770BA00AFF51D /* SoundpipeAudioKit in Frameworks */,
			);
			runOnlyForDeploymentPostprocessing = 0;
		};
/* End PBXFrameworksBuildPhase section */

/* Begin PBXGroup section */
		1D5289D828E7701000AFF51D = {
			isa = PBXGroup;
			children = (
				1DEA53ED28F20C0200FF758F /* MockTunerConductor.swift */,
				1DEA53E928F203A900FF758F /* Stopwatch.swift */,
				1D5289E328E7701000AFF51D /* TunerEnvironmentObject */,
				1D5289E228E7701000AFF51D /* Products */,
			);
			sourceTree = "<group>";
		};
		1D5289E228E7701000AFF51D /* Products */ = {
			isa = PBXGroup;
			children = (
				1D5289E128E7701000AFF51D /* TunerEnvironmentObject.app */,
			);
			name = Products;
			sourceTree = "<group>";
		};
		1D5289E328E7701000AFF51D /* TunerEnvironmentObject */ = {
			isa = PBXGroup;
			children = (
				1D5289FE28E7751600AFF51D /* SceneDelegate.swift */,
				1D5289FD28E7735E00AFF51D /* Info.plist */,
				1D5289FB28E770C700AFF51D /* Tuner.swift */,
				1D5289E428E7701000AFF51D /* TunerEnvironmentObjectApp.swift */,
				1D5289E628E7701000AFF51D /* ContentView.swift */,
				1D5289E828E7701100AFF51D /* Assets.xcassets */,
				1D5289EA28E7701100AFF51D /* Preview Content */,
			);
			path = TunerEnvironmentObject;
			sourceTree = "<group>";
		};
		1D5289EA28E7701100AFF51D /* Preview Content */ = {
			isa = PBXGroup;
			children = (
				1D5289EB28E7701100AFF51D /* Preview Assets.xcassets */,
			);
			path = "Preview Content";
			sourceTree = "<group>";
		};
/* End PBXGroup section */

/* Begin PBXNativeTarget section */
		1D5289E028E7701000AFF51D /* TunerEnvironmentObject */ = {
			isa = PBXNativeTarget;
			buildConfigurationList = 1D5289EF28E7701100AFF51D /* Build configuration list for PBXNativeTarget "TunerEnvironmentObject" */;
			buildPhases = (
				1D5289DD28E7701000AFF51D /* Sources */,
				1D5289DE28E7701000AFF51D /* Frameworks */,
				1D5289DF28E7701000AFF51D /* Resources */,
			);
			buildRules = (
			);
			dependencies = (
			);
			name = TunerEnvironmentObject;
			packageProductDependencies = (
				1D5289F328E7709300AFF51D /* AudioKit */,
				1D5289F628E770A300AFF51D /* AudioKitEX */,
				1D5289F928E770BA00AFF51D /* SoundpipeAudioKit */,
			);
			productName = TunerEnvironmentObject;
			productReference = 1D5289E128E7701000AFF51D /* TunerEnvironmentObject.app */;
			productType = "com.apple.product-type.application";
		};
/* End PBXNativeTarget section */

/* Begin PBXProject section */
		1D5289D928E7701000AFF51D /* Project object */ = {
			isa = PBXProject;
			attributes = {
				BuildIndependentTargetsInParallel = 1;
				LastSwiftUpdateCheck = 1400;
				LastUpgradeCheck = 1400;
				TargetAttributes = {
					1D5289E028E7701000AFF51D = {
						CreatedOnToolsVersion = 14.0;
					};
				};
			};
			buildConfigurationList = 1D5289DC28E7701000AFF51D /* Build configuration list for PBXProject "TunerEnvironmentObject" */;
			compatibilityVersion = "Xcode 14.0";
			developmentRegion = en;
			hasScannedForEncodings = 0;
			knownRegions = (
				en,
				Base,
			);
			mainGroup = 1D5289D828E7701000AFF51D;
			packageReferences = (
				1D5289F228E7709300AFF51D /* XCRemoteSwiftPackageReference "AudioKit" */,
				1D5289F528E770A300AFF51D /* XCRemoteSwiftPackageReference "AudioKitEX" */,
				1D5289F828E770BA00AFF51D /* XCRemoteSwiftPackageReference "SoundpipeAudioKit" */,
			);
			productRefGroup = 1D5289E228E7701000AFF51D /* Products */;
			projectDirPath = "";
			projectRoot = "";
			targets = (
				1D5289E028E7701000AFF51D /* TunerEnvironmentObject */,
			);
		};
/* End PBXProject section */

/* Begin PBXResourcesBuildPhase section */
		1D5289DF28E7701000AFF51D /* Resources */ = {
			isa = PBXResourcesBuildPhase;
			buildActionMask = 2147483647;
			files = (
				1D5289EC28E7701100AFF51D /* Preview Assets.xcassets in Resources */,
				1D5289E928E7701100AFF51D /* Assets.xcassets in Resources */,
			);
			runOnlyForDeploymentPostprocessing = 0;
		};
/* End PBXResourcesBuildPhase section */

/* Begin PBXSourcesBuildPhase section */
		1D5289DD28E7701000AFF51D /* Sources */ = {
			isa = PBXSourcesBuildPhase;
			buildActionMask = 2147483647;
			files = (
				1D5289E728E7701000AFF51D /* ContentView.swift in Sources */,
				1D5289FC28E770C700AFF51D /* Tuner.swift in Sources */,
				1DEA53EA28F203A900FF758F /* Stopwatch.swift in Sources */,
				1D5289E528E7701000AFF51D /* TunerEnvironmentObjectApp.swift in Sources */,
				1D5289FF28E7751600AFF51D /* SceneDelegate.swift in Sources */,
				1DEA53EE28F20C0200FF758F /* MockTunerConductor.swift in Sources */,
			);
			runOnlyForDeploymentPostprocessing = 0;
		};
/* End PBXSourcesBuildPhase section */

/* Begin XCBuildConfiguration section */
		1D5289ED28E7701100AFF51D /* Debug */ = {
			isa = XCBuildConfiguration;
			buildSettings = {
				ALWAYS_SEARCH_USER_PATHS = NO;
				CLANG_ANALYZER_NONNULL = YES;
				CLANG_ANALYZER_NUMBER_OBJECT_CONVERSION = YES_AGGRESSIVE;
				CLANG_CXX_LANGUAGE_STANDARD = "gnu++20";
				CLANG_ENABLE_MODULES = YES;
				CLANG_ENABLE_OBJC_ARC = YES;
				CLANG_ENABLE_OBJC_WEAK = YES;
				CLANG_WARN_BLOCK_CAPTURE_AUTORELEASING = YES;
				CLANG_WARN_BOOL_CONVERSION = YES;
				CLANG_WARN_COMMA = YES;
				CLANG_WARN_CONSTANT_CONVERSION = YES;
				CLANG_WARN_DEPRECATED_OBJC_IMPLEMENTATIONS = YES;
				CLANG_WARN_DIRECT_OBJC_ISA_USAGE = YES_ERROR;
				CLANG_WARN_DOCUMENTATION_COMMENTS = YES;
				CLANG_WARN_EMPTY_BODY = YES;
				CLANG_WARN_ENUM_CONVERSION = YES;
				CLANG_WARN_INFINITE_RECURSION = YES;
				CLANG_WARN_INT_CONVERSION = YES;
				CLANG_WARN_NON_LITERAL_NULL_CONVERSION = YES;
				CLANG_WARN_OBJC_IMPLICIT_RETAIN_SELF = YES;
				CLANG_WARN_OBJC_LITERAL_CONVERSION = YES;
				CLANG_WARN_OBJC_ROOT_CLASS = YES_ERROR;
				CLANG_WARN_QUOTED_INCLUDE_IN_FRAMEWORK_HEADER = YES;
				CLANG_WARN_RANGE_LOOP_ANALYSIS = YES;
				CLANG_WARN_STRICT_PROTOTYPES = YES;
				CLANG_WARN_SUSPICIOUS_MOVE = YES;
				CLANG_WARN_UNGUARDED_AVAILABILITY = YES_AGGRESSIVE;
				CLANG_WARN_UNREACHABLE_CODE = YES;
				CLANG_WARN__DUPLICATE_METHOD_MATCH = YES;
				COPY_PHASE_STRIP = NO;
				DEBUG_INFORMATION_FORMAT = dwarf;
				ENABLE_STRICT_OBJC_MSGSEND = YES;
				ENABLE_TESTABILITY = YES;
				GCC_C_LANGUAGE_STANDARD = gnu11;
				GCC_DYNAMIC_NO_PIC = NO;
				GCC_NO_COMMON_BLOCKS = YES;
				GCC_OPTIMIZATION_LEVEL = 0;
				GCC_PREPROCESSOR_DEFINITIONS = (
					"DEBUG=1",
					"$(inherited)",
				);
				GCC_WARN_64_TO_32_BIT_CONVERSION = YES;
				GCC_WARN_ABOUT_RETURN_TYPE = YES_ERROR;
				GCC_WARN_UNDECLARED_SELECTOR = YES;
				GCC_WARN_UNINITIALIZED_AUTOS = YES_AGGRESSIVE;
				GCC_WARN_UNUSED_FUNCTION = YES;
				GCC_WARN_UNUSED_VARIABLE = YES;
				IPHONEOS_DEPLOYMENT_TARGET = 16.0;
				MTL_ENABLE_DEBUG_INFO = INCLUDE_SOURCE;
				MTL_FAST_MATH = YES;
				ONLY_ACTIVE_ARCH = YES;
				SDKROOT = iphoneos;
				SWIFT_ACTIVE_COMPILATION_CONDITIONS = DEBUG;
				SWIFT_OPTIMIZATION_LEVEL = "-Onone";
			};
			name = Debug;
		};
		1D5289EE28E7701100AFF51D /* Release */ = {
			isa = XCBuildConfiguration;
			buildSettings = {
				ALWAYS_SEARCH_USER_PATHS = NO;
				CLANG_ANALYZER_NONNULL = YES;
				CLANG_ANALYZER_NUMBER_OBJECT_CONVERSION = YES_AGGRESSIVE;
				CLANG_CXX_LANGUAGE_STANDARD = "gnu++20";
				CLANG_ENABLE_MODULES = YES;
				CLANG_ENABLE_OBJC_ARC = YES;
				CLANG_ENABLE_OBJC_WEAK = YES;
				CLANG_WARN_BLOCK_CAPTURE_AUTORELEASING = YES;
				CLANG_WARN_BOOL_CONVERSION = YES;
				CLANG_WARN_COMMA = YES;
				CLANG_WARN_CONSTANT_CONVERSION = YES;
				CLANG_WARN_DEPRECATED_OBJC_IMPLEMENTATIONS = YES;
				CLANG_WARN_DIRECT_OBJC_ISA_USAGE = YES_ERROR;
				CLANG_WARN_DOCUMENTATION_COMMENTS = YES;
				CLANG_WARN_EMPTY_BODY = YES;
				CLANG_WARN_ENUM_CONVERSION = YES;
				CLANG_WARN_INFINITE_RECURSION = YES;
				CLANG_WARN_INT_CONVERSION = YES;
				CLANG_WARN_NON_LITERAL_NULL_CONVERSION = YES;
				CLANG_WARN_OBJC_IMPLICIT_RETAIN_SELF = YES;
				CLANG_WARN_OBJC_LITERAL_CONVERSION = YES;
				CLANG_WARN_OBJC_ROOT_CLASS = YES_ERROR;
				CLANG_WARN_QUOTED_INCLUDE_IN_FRAMEWORK_HEADER = YES;
				CLANG_WARN_RANGE_LOOP_ANALYSIS = YES;
				CLANG_WARN_STRICT_PROTOTYPES = YES;
				CLANG_WARN_SUSPICIOUS_MOVE = YES;
				CLANG_WARN_UNGUARDED_AVAILABILITY = YES_AGGRESSIVE;
				CLANG_WARN_UNREACHABLE_CODE = YES;
				CLANG_WARN__DUPLICATE_METHOD_MATCH = YES;
				COPY_PHASE_STRIP = NO;
				DEBUG_INFORMATION_FORMAT = "dwarf-with-dsym";
				ENABLE_NS_ASSERTIONS = NO;
				ENABLE_STRICT_OBJC_MSGSEND = YES;
				GCC_C_LANGUAGE_STANDARD = gnu11;
				GCC_NO_COMMON_BLOCKS = YES;
				GCC_WARN_64_TO_32_BIT_CONVERSION = YES;
				GCC_WARN_ABOUT_RETURN_TYPE = YES_ERROR;
				GCC_WARN_UNDECLARED_SELECTOR = YES;
				GCC_WARN_UNINITIALIZED_AUTOS = YES_AGGRESSIVE;
				GCC_WARN_UNUSED_FUNCTION = YES;
				GCC_WARN_UNUSED_VARIABLE = YES;
				IPHONEOS_DEPLOYMENT_TARGET = 16.0;
				MTL_ENABLE_DEBUG_INFO = NO;
				MTL_FAST_MATH = YES;
				SDKROOT = iphoneos;
				SWIFT_COMPILATION_MODE = wholemodule;
				SWIFT_OPTIMIZATION_LEVEL = "-O";
				VALIDATE_PRODUCT = YES;
			};
			name = Release;
		};
		1D5289F028E7701100AFF51D /* Debug */ = {
			isa = XCBuildConfiguration;
			buildSettings = {
				ASSETCATALOG_COMPILER_APPICON_NAME = AppIcon;
				ASSETCATALOG_COMPILER_GLOBAL_ACCENT_COLOR_NAME = AccentColor;
				CODE_SIGN_STYLE = Automatic;
				CURRENT_PROJECT_VERSION = 1;
				DEVELOPMENT_ASSET_PATHS = "\"TunerEnvironmentObject/Preview Content\"";
				DEVELOPMENT_TEAM = 7Y25C5GF6M;
				ENABLE_PREVIEWS = YES;
				GENERATE_INFOPLIST_FILE = YES;
				INFOPLIST_FILE = TunerEnvironmentObject/Info.plist;
				INFOPLIST_KEY_NSMicrophoneUsageDescription = "Microphone used to listen to instrument playing";
				INFOPLIST_KEY_UIApplicationSupportsIndirectInputEvents = YES;
				INFOPLIST_KEY_UILaunchScreen_Generation = YES;
				INFOPLIST_KEY_UISupportedInterfaceOrientations_iPad = "UIInterfaceOrientationPortrait UIInterfaceOrientationPortraitUpsideDown UIInterfaceOrientationLandscapeLeft UIInterfaceOrientationLandscapeRight";
				INFOPLIST_KEY_UISupportedInterfaceOrientations_iPhone = "UIInterfaceOrientationPortrait UIInterfaceOrientationLandscapeLeft UIInterfaceOrientationLandscapeRight";
				LD_RUNPATH_SEARCH_PATHS = (
					"$(inherited)",
					"@executable_path/Frameworks",
				);
				MARKETING_VERSION = 1.0;
				OTHER_LDFLAGS = "-lstdc++";
				PRODUCT_BUNDLE_IDENTIFIER = com.rickhardy.TunerEnvironmentObject;
				PRODUCT_NAME = "$(TARGET_NAME)";
				SWIFT_EMIT_LOC_STRINGS = YES;
				SWIFT_VERSION = 5.0;
				TARGETED_DEVICE_FAMILY = "1,2";
			};
			name = Debug;
		};
		1D5289F128E7701100AFF51D /* Release */ = {
			isa = XCBuildConfiguration;
			buildSettings = {
				ASSETCATALOG_COMPILER_APPICON_NAME = AppIcon;
				ASSETCATALOG_COMPILER_GLOBAL_ACCENT_COLOR_NAME = AccentColor;
				CODE_SIGN_STYLE = Automatic;
				CURRENT_PROJECT_VERSION = 1;
				DEVELOPMENT_ASSET_PATHS = "\"TunerEnvironmentObject/Preview Content\"";
				DEVELOPMENT_TEAM = 7Y25C5GF6M;
				ENABLE_PREVIEWS = YES;
				GENERATE_INFOPLIST_FILE = YES;
				INFOPLIST_FILE = TunerEnvironmentObject/Info.plist;
				INFOPLIST_KEY_NSMicrophoneUsageDescription = "Microphone used to listen to instrument playing";
				INFOPLIST_KEY_UIApplicationSupportsIndirectInputEvents = YES;
				INFOPLIST_KEY_UILaunchScreen_Generation = YES;
				INFOPLIST_KEY_UISupportedInterfaceOrientations_iPad = "UIInterfaceOrientationPortrait UIInterfaceOrientationPortraitUpsideDown UIInterfaceOrientationLandscapeLeft UIInterfaceOrientationLandscapeRight";
				INFOPLIST_KEY_UISupportedInterfaceOrientations_iPhone = "UIInterfaceOrientationPortrait UIInterfaceOrientationLandscapeLeft UIInterfaceOrientationLandscapeRight";
				LD_RUNPATH_SEARCH_PATHS = (
					"$(inherited)",
					"@executable_path/Frameworks",
				);
				MARKETING_VERSION = 1.0;
				OTHER_LDFLAGS = "-lstdc++";
				PRODUCT_BUNDLE_IDENTIFIER = com.rickhardy.TunerEnvironmentObject;
				PRODUCT_NAME = "$(TARGET_NAME)";
				SWIFT_EMIT_LOC_STRINGS = YES;
				SWIFT_VERSION = 5.0;
				TARGETED_DEVICE_FAMILY = "1,2";
			};
			name = Release;
		};
/* End XCBuildConfiguration section */

/* Begin XCConfigurationList section */
		1D5289DC28E7701000AFF51D /* Build configuration list for PBXProject "TunerEnvironmentObject" */ = {
			isa = XCConfigurationList;
			buildConfigurations = (
				1D5289ED28E7701100AFF51D /* Debug */,
				1D5289EE28E7701100AFF51D /* Release */,
			);
			defaultConfigurationIsVisible = 0;
			defaultConfigurationName = Release;
		};
		1D5289EF28E7701100AFF51D /* Build configuration list for PBXNativeTarget "TunerEnvironmentObject" */ = {
			isa = XCConfigurationList;
			buildConfigurations = (
				1D5289F028E7701100AFF51D /* Debug */,
				1D5289F128E7701100AFF51D /* Release */,
			);
			defaultConfigurationIsVisible = 0;
			defaultConfigurationName = Release;
		};
/* End XCConfigurationList section */

/* Begin XCRemoteSwiftPackageReference section */
		1D5289F228E7709300AFF51D /* XCRemoteSwiftPackageReference "AudioKit" */ = {
			isa = XCRemoteSwiftPackageReference;
			repositoryURL = "https://github.com/AudioKit/AudioKit.git";
			requirement = {
				kind = upToNextMajorVersion;
				minimumVersion = 5.0.0;
			};
		};
		1D5289F528E770A300AFF51D /* XCRemoteSwiftPackageReference "AudioKitEX" */ = {
			isa = XCRemoteSwiftPackageReference;
			repositoryURL = "https://github.com/AudioKit/AudioKitEX.git";
			requirement = {
				kind = upToNextMajorVersion;
				minimumVersion = 5.0.0;
			};
		};
		1D5289F828E770BA00AFF51D /* XCRemoteSwiftPackageReference "SoundpipeAudioKit" */ = {
			isa = XCRemoteSwiftPackageReference;
			repositoryURL = "https://github.com/AudioKit/SoundpipeAudioKit.git";
			requirement = {
				kind = upToNextMajorVersion;
				minimumVersion = 5.0.0;
			};
		};
/* End XCRemoteSwiftPackageReference section */

/* Begin XCSwiftPackageProductDependency section */
		1D5289F328E7709300AFF51D /* AudioKit */ = {
			isa = XCSwiftPackageProductDependency;
			package = 1D5289F228E7709300AFF51D /* XCRemoteSwiftPackageReference "AudioKit" */;
			productName = AudioKit;
		};
		1D5289F628E770A300AFF51D /* AudioKitEX */ = {
			isa = XCSwiftPackageProductDependency;
			package = 1D5289F528E770A300AFF51D /* XCRemoteSwiftPackageReference "AudioKitEX" */;
			productName = AudioKitEX;
		};
		1D5289F928E770BA00AFF51D /* SoundpipeAudioKit */ = {
			isa = XCSwiftPackageProductDependency;
			package = 1D5289F828E770BA00AFF51D /* XCRemoteSwiftPackageReference "SoundpipeAudioKit" */;
			productName = SoundpipeAudioKit;
		};
/* End XCSwiftPackageProductDependency section */
	};
	rootObject = 1D5289D928E7701000AFF51D /* Project object */;
}
